
Microsoft Visual Studio Solution File, Format Version 12.00
# Visual Studio Version 17
VisualStudioVersion = 17.2.32516.85
MinimumVisualStudioVersion = 10.0.40219.1
Project("{FAE04EC0-301F-11D3-BF4B-00C04F79EFBC}") = "PrimeraAplicacion", "PrimeraAplicacion\PrimeraAplicacion.csproj", "{2BD971B5-3AF1-4AAC-982F-E3659EFBF932}"
EndProject
Global
	GlobalSection(SolutionConfigurationPlatforms) = preSolution
		Debug|Any CPU = Debug|Any CPU
		Release|Any CPU = Release|Any CPU
	EndGlobalSection
	GlobalSection(ProjectConfigurationPlatforms) = postSolution
		{2BD971B5-3AF1-4AAC-982F-E3659EFBF932}.Debug|Any CPU.ActiveCfg = Debug|Any CPU
		{2BD971B5-3AF1-4AAC-982F-E3659EFBF932}.Debug|Any CPU.Build.0 = Debug|Any CPU
		{2BD971B5-3AF1-4AAC-982F-E3659EFBF932}.Release|Any CPU.ActiveCfg = Release|Any CPU
		{2BD971B5-3AF1-4AAC-982F-E3659EFBF932}.Release|Any CPU.Build.0 = Release|Any CPU
	EndGlobalSection
	GlobalSection(SolutionProperties) = preSolution
		HideSolutionNode = FALSE
	EndGlobalSection
	GlobalSection(ExtensibilityGlobals) = postSolution
		SolutionGuid = {16B53F4D-56C5-4064-84F8-F09522F23BE2}
	EndGlobalSection
EndGlobal
